
Microsoft Visual Studio Solution File, Format Version 12.00
# Visual Studio Version 17
VisualStudioVersion = 17.8.34511.84
MinimumVisualStudioVersion = 10.0.40219.1
Project("{9A19103F-16F7-4668-BE54-9A1E7A4F7556}") = "WebApi", "WebApi\WebApi.csproj", "{BB9D2663-8D31-4E5C-8677-3B34F70E5ED6}"
EndProject
Project("{E53339B2-1760-4266-BCC7-CA923CBCF16C}") = "docker-compose", "docker-compose.dcproj", "{05E333E9-FF49-4367-A4B2-259F6696FDCC}"
EndProject
Global
	GlobalSection(SolutionConfigurationPlatforms) = preSolution
		Debug|Any CPU = Debug|Any CPU
		Release|Any CPU = Release|Any CPU
	EndGlobalSection
	GlobalSection(ProjectConfigurationPlatforms) = postSolution
		{BB9D2663-8D31-4E5C-8677-3B34F70E5ED6}.Debug|Any CPU.ActiveCfg = Debug|Any CPU
		{BB9D2663-8D31-4E5C-8677-3B34F70E5ED6}.Debug|Any CPU.Build.0 = Debug|Any CPU
		{BB9D2663-8D31-4E5C-8677-3B34F70E5ED6}.Release|Any CPU.ActiveCfg = Release|Any CPU
		{BB9D2663-8D31-4E5C-8677-3B34F70E5ED6}.Release|Any CPU.Build.0 = Release|Any CPU
		{05E333E9-FF49-4367-A4B2-259F6696FDCC}.Debug|Any CPU.ActiveCfg = Debug|Any CPU
		{05E333E9-FF49-4367-A4B2-259F6696FDCC}.Debug|Any CPU.Build.0 = Debug|Any CPU
		{05E333E9-FF49-4367-A4B2-259F6696FDCC}.Release|Any CPU.ActiveCfg = Release|Any CPU
		{05E333E9-FF49-4367-A4B2-259F6696FDCC}.Release|Any CPU.Build.0 = Release|Any CPU
	EndGlobalSection
	GlobalSection(SolutionProperties) = preSolution
		HideSolutionNode = FALSE
	EndGlobalSection
	GlobalSection(ExtensibilityGlobals) = postSolution
		SolutionGuid = {1C3F434C-5653-4108-9BCF-159898E13310}
	EndGlobalSection
EndGlobal
