
Microsoft Visual Studio Solution File, Format Version 12.00
# Visual Studio Version 17
VisualStudioVersion = 17.8.34511.84
MinimumVisualStudioVersion = 10.0.40219.1
Project("{2150E333-8FDC-42A3-9474-1A3956D46DE8}") = "01", "01", "{09180F58-BCC9-48F7-8C5E-EAF273710D99}"
EndProject
Project("{2150E333-8FDC-42A3-9474-1A3956D46DE8}") = "02", "02", "{9C5F5F0F-052B-4F00-A046-A0EAFD8C37EE}"
EndProject
Project("{9A19103F-16F7-4668-BE54-9A1E7A4F7556}") = "XmlNinja", "01\XmlNinja\XmlNinja.csproj", "{2F5D8EEC-E1B3-43FC-8D35-1A5D65EDE46A}"
EndProject
Project("{9A19103F-16F7-4668-BE54-9A1E7A4F7556}") = "XmlNinja.Tests", "01\XmlNinja.Tests\XmlNinja.Tests.csproj", "{69BD5DBF-6DA4-49DB-9BA8-9F65BB5C3C60}"
EndProject
Project("{FAE04EC0-301F-11D3-BF4B-00C04F79EFBC}") = "AuctionManagement", "02\AuctionManagement\AuctionManagement.csproj", "{2D1ABAF2-4EF6-48A8-B46E-4DAE79218DFC}"
EndProject
Project("{FAE04EC0-301F-11D3-BF4B-00C04F79EFBC}") = "AuctionManagement.Tests", "02\AuctionManagement.Tests\AuctionManagement.Tests.csproj", "{AF5FD4CF-3C11-43D5-86A0-80875741CEC0}"
EndProject
Global
	GlobalSection(SolutionConfigurationPlatforms) = preSolution
		Debug|Any CPU = Debug|Any CPU
		Release|Any CPU = Release|Any CPU
	EndGlobalSection
	GlobalSection(ProjectConfigurationPlatforms) = postSolution
		{2F5D8EEC-E1B3-43FC-8D35-1A5D65EDE46A}.Debug|Any CPU.ActiveCfg = Debug|Any CPU
		{2F5D8EEC-E1B3-43FC-8D35-1A5D65EDE46A}.Debug|Any CPU.Build.0 = Debug|Any CPU
		{2F5D8EEC-E1B3-43FC-8D35-1A5D65EDE46A}.Release|Any CPU.ActiveCfg = Release|Any CPU
		{2F5D8EEC-E1B3-43FC-8D35-1A5D65EDE46A}.Release|Any CPU.Build.0 = Release|Any CPU
		{69BD5DBF-6DA4-49DB-9BA8-9F65BB5C3C60}.Debug|Any CPU.ActiveCfg = Debug|Any CPU
		{69BD5DBF-6DA4-49DB-9BA8-9F65BB5C3C60}.Debug|Any CPU.Build.0 = Debug|Any CPU
		{69BD5DBF-6DA4-49DB-9BA8-9F65BB5C3C60}.Release|Any CPU.ActiveCfg = Release|Any CPU
		{69BD5DBF-6DA4-49DB-9BA8-9F65BB5C3C60}.Release|Any CPU.Build.0 = Release|Any CPU
		{2D1ABAF2-4EF6-48A8-B46E-4DAE79218DFC}.Debug|Any CPU.ActiveCfg = Debug|Any CPU
		{2D1ABAF2-4EF6-48A8-B46E-4DAE79218DFC}.Debug|Any CPU.Build.0 = Debug|Any CPU
		{2D1ABAF2-4EF6-48A8-B46E-4DAE79218DFC}.Release|Any CPU.ActiveCfg = Release|Any CPU
		{2D1ABAF2-4EF6-48A8-B46E-4DAE79218DFC}.Release|Any CPU.Build.0 = Release|Any CPU
		{AF5FD4CF-3C11-43D5-86A0-80875741CEC0}.Debug|Any CPU.ActiveCfg = Debug|Any CPU
		{AF5FD4CF-3C11-43D5-86A0-80875741CEC0}.Debug|Any CPU.Build.0 = Debug|Any CPU
		{AF5FD4CF-3C11-43D5-86A0-80875741CEC0}.Release|Any CPU.ActiveCfg = Release|Any CPU
		{AF5FD4CF-3C11-43D5-86A0-80875741CEC0}.Release|Any CPU.Build.0 = Release|Any CPU
	EndGlobalSection
	GlobalSection(SolutionProperties) = preSolution
		HideSolutionNode = FALSE
	EndGlobalSection
	GlobalSection(NestedProjects) = preSolution
		{2F5D8EEC-E1B3-43FC-8D35-1A5D65EDE46A} = {09180F58-BCC9-48F7-8C5E-EAF273710D99}
		{69BD5DBF-6DA4-49DB-9BA8-9F65BB5C3C60} = {09180F58-BCC9-48F7-8C5E-EAF273710D99}
		{2D1ABAF2-4EF6-48A8-B46E-4DAE79218DFC} = {9C5F5F0F-052B-4F00-A046-A0EAFD8C37EE}
		{AF5FD4CF-3C11-43D5-86A0-80875741CEC0} = {9C5F5F0F-052B-4F00-A046-A0EAFD8C37EE}
	EndGlobalSection
	GlobalSection(ExtensibilityGlobals) = postSolution
		SolutionGuid = {CC1BBDEF-2641-4BA3-B86F-A5D904F3AEE5}
	EndGlobalSection
EndGlobal
